{
  "requires": true,
  "lockfileVersion": 1,
  "dependencies": {
    "oauth": {
      "version": "0.9.8",
      "resolved": "https://registry.npmjs.org/oauth/-/oauth-0.9.8.tgz",
      "integrity": "sha1-Ddt9VRZzk2Fq7Ka/mmHeQ9eCsxE="
    },
    "requirejs": {
      "version": "2.3.6",
      "resolved": "https://registry.npmjs.org/requirejs/-/requirejs-2.3.6.tgz",
      "integrity": "sha512-ipEzlWQe6RK3jkzikgCupiTbTvm4S0/CAU5GlgptkN5SO6F3u0UD0K18wy6ErDqiCyP4J4YYe1HuAShvsxePLg=="
    },
    "user-stream": {
      "version": "0.0.8",
      "resolved": "https://registry.npmjs.org/user-stream/-/user-stream-0.0.8.tgz",
      "integrity": "sha1-RGpO0ZFu9YTEvtGcKm2/mDsUQOA=",
      "requires": {
        "oauth": "0.9.8"
      }
    }
  }
}
